
Microsoft Visual Studio Solution File, Format Version 12.00
# Visual Studio Version 17
VisualStudioVersion = 17.7.34221.43
MinimumVisualStudioVersion = 10.0.40219.1
Project("{8BC9CEB8-8B4A-11D0-8D11-00A0C91BC942}") = "服务器的实现", "服务器的实现\服务器的实现.vcxproj", "{EAAA1684-8766-4AFA-B548-EDA559AF78F8}"
EndProject
Global
	GlobalSection(SolutionConfigurationPlatforms) = preSolution
		Debug|x64 = Debug|x64
		Debug|x86 = Debug|x86
		Release|x64 = Release|x64
		Release|x86 = Release|x86
	EndGlobalSection
	GlobalSection(ProjectConfigurationPlatforms) = postSolution
		{EAAA1684-8766-4AFA-B548-EDA559AF78F8}.Debug|x64.ActiveCfg = Debug|x64
		{EAAA1684-8766-4AFA-B548-EDA559AF78F8}.Debug|x64.Build.0 = Debug|x64
		{EAAA1684-8766-4AFA-B548-EDA559AF78F8}.Debug|x86.ActiveCfg = Debug|Win32
		{EAAA1684-8766-4AFA-B548-EDA559AF78F8}.Debug|x86.Build.0 = Debug|Win32
		{EAAA1684-8766-4AFA-B548-EDA559AF78F8}.Release|x64.ActiveCfg = Release|x64
		{EAAA1684-8766-4AFA-B548-EDA559AF78F8}.Release|x64.Build.0 = Release|x64
		{EAAA1684-8766-4AFA-B548-EDA559AF78F8}.Release|x86.ActiveCfg = Release|Win32
		{EAAA1684-8766-4AFA-B548-EDA559AF78F8}.Release|x86.Build.0 = Release|Win32
	EndGlobalSection
	GlobalSection(SolutionProperties) = preSolution
		HideSolutionNode = FALSE
	EndGlobalSection
	GlobalSection(ExtensibilityGlobals) = postSolution
		SolutionGuid = {35262271-11BB-4CE8-8134-3769B88A4ED0}
	EndGlobalSection
EndGlobal
